// !$*UTF8*$!
{
	archiveVersion = 1;
	classes = {
	};
	objectVersion = 46;
	objects = {

/* Begin PBXBuildFile section */
		004EFB341DEB9B26000537AB /* PRFViewController.m in Sources */ = {isa = PBXBuildFile; fileRef = 004EFB331DEB9B26000537AB /* PRFViewController.m */; };
		004EFB3A1DEB9BDA000537AB /* MLViewController.mm in Sources */ = {isa = PBXBuildFile; fileRef = 004EFB391DEB9BDA000537AB /* MLViewController.mm */; };
		00CD0B551DE49EFD0006D602 /* opencv2.framework in Frameworks */ = {isa = PBXBuildFile; fileRef = 00CD0B541DE49EFD0006D602 /* opencv2.framework */; };
		281E47321DC167B300AFB85D /* main.m in Sources */ = {isa = PBXBuildFile; fileRef = 281E47311DC167B300AFB85D /* main.m */; };
		281E47351DC167B300AFB85D /* AppDelegate.m in Sources */ = {isa = PBXBuildFile; fileRef = 281E47341DC167B300AFB85D /* AppDelegate.m */; };
		281E473B1DC167B300AFB85D /* Main.storyboard in Resources */ = {isa = PBXBuildFile; fileRef = 281E47391DC167B300AFB85D /* Main.storyboard */; };
		281E473D1DC167B300AFB85D /* Assets.xcassets in Resources */ = {isa = PBXBuildFile; fileRef = 281E473C1DC167B300AFB85D /* Assets.xcassets */; };
		282002061DC691120013A603 /* GeometryUtil.mm in Sources */ = {isa = PBXBuildFile; fileRef = 282001FF1DC691120013A603 /* GeometryUtil.mm */; };
		282002071DC691120013A603 /* MLManager.mm in Sources */ = {isa = PBXBuildFile; fileRef = 282002011DC691120013A603 /* MLManager.mm */; };
		282002081DC691120013A603 /* MSERFeature.mm in Sources */ = {isa = PBXBuildFile; fileRef = 282002031DC691120013A603 /* MSERFeature.mm */; };
		282002091DC691120013A603 /* MSERManager.mm in Sources */ = {isa = PBXBuildFile; fileRef = 282002051DC691120013A603 /* MSERManager.mm */; };
		2820020F1DC691180013A603 /* FPS.mm in Sources */ = {isa = PBXBuildFile; fileRef = 2820020C1DC691180013A603 /* FPS.mm */; };
		282002101DC691180013A603 /* ImageUtils.mm in Sources */ = {isa = PBXBuildFile; fileRef = 2820020E1DC691180013A603 /* ImageUtils.mm */; };
		282002131DC691220013A603 /* CameraViewController.mm in Sources */ = {isa = PBXBuildFile; fileRef = 282002121DC691220013A603 /* CameraViewController.mm */; };
		284B957B1DDE647E00E3D249 /* AVFoundation.framework in Frameworks */ = {isa = PBXBuildFile; fileRef = 281E47861DC16BEE00AFB85D /* AVFoundation.framework */; };
		284B957D1DDE648200E3D249 /* CoreGraphics.framework in Frameworks */ = {isa = PBXBuildFile; fileRef = 284B957C1DDE648200E3D249 /* CoreGraphics.framework */; };
		284B957F1DDE648700E3D249 /* UIKit.framework in Frameworks */ = {isa = PBXBuildFile; fileRef = 284B957E1DDE648700E3D249 /* UIKit.framework */; };
		284B95811DDE66D600E3D249 /* AssetsLibrary.framework in Frameworks */ = {isa = PBXBuildFile; fileRef = 284B95801DDE66D600E3D249 /* AssetsLibrary.framework */; };
		284B95831DDE66DC00E3D249 /* CoreImage.framework in Frameworks */ = {isa = PBXBuildFile; fileRef = 284B95821DDE66DC00E3D249 /* CoreImage.framework */; };
		284B95851DDE66E100E3D249 /* CoreMedia.framework in Frameworks */ = {isa = PBXBuildFile; fileRef = 284B95841DDE66E100E3D249 /* CoreMedia.framework */; };
		284B95871DDE66E500E3D249 /* CoreVideo.framework in Frameworks */ = {isa = PBXBuildFile; fileRef = 284B95861DDE66E500E3D249 /* CoreVideo.framework */; };
		284B95891DDE66EA00E3D249 /* Foundation.framework in Frameworks */ = {isa = PBXBuildFile; fileRef = 284B95881DDE66EA00E3D249 /* Foundation.framework */; };
		284B958B1DDE66F000E3D249 /* GLKit.framework in Frameworks */ = {isa = PBXBuildFile; fileRef = 284B958A1DDE66F000E3D249 /* GLKit.framework */; };
		284B958D1DDE66F500E3D249 /* OpenGLES.framework in Frameworks */ = {isa = PBXBuildFile; fileRef = 284B958C1DDE66F500E3D249 /* OpenGLES.framework */; };
		284B958F1DDE66FB00E3D249 /* QuartzCore.framework in Frameworks */ = {isa = PBXBuildFile; fileRef = 284B958E1DDE66FB00E3D249 /* QuartzCore.framework */; };
		28AA98541DD7E9FC00C8F990 /* Launch Screen.storyboard in Resources */ = {isa = PBXBuildFile; fileRef = 28AA98531DD7E9FC00C8F990 /* Launch Screen.storyboard */; };
		28EE38EB1DF48F7F006398A8 /* Settings_000000_100.png in Resources */ = {isa = PBXBuildFile; fileRef = 28EE38EA1DF48F7F006398A8 /* Settings_000000_100.png */; };
		28EE38ED1DF49001006398A8 /* Info_000000_100.png in Resources */ = {isa = PBXBuildFile; fileRef = 28EE38EC1DF49001006398A8 /* Info_000000_100.png */; };
/* End PBXBuildFile section */

/* Begin PBXFileReference section */
		00480B4F1DE106AE00EC4170 /* object_tracking.pch */ = {isa = PBXFileReference; fileEncoding = 4; lastKnownFileType = sourcecode.c.h; path = object_tracking.pch; sourceTree = "<group>"; };
		004EFB321DEB9B26000537AB /* PRFViewController.h */ = {isa = PBXFileReference; fileEncoding = 4; lastKnownFileType = sourcecode.c.h; path = PRFViewController.h; sourceTree = "<group>"; };
		004EFB331DEB9B26000537AB /* PRFViewController.m */ = {isa = PBXFileReference; fileEncoding = 4; lastKnownFileType = sourcecode.c.objc; path = PRFViewController.m; sourceTree = "<group>"; };
		004EFB381DEB9BD9000537AB /* MLViewController.h */ = {isa = PBXFileReference; fileEncoding = 4; lastKnownFileType = sourcecode.c.h; name = MLViewController.h; path = ../MLViewController.h; sourceTree = "<group>"; };
		004EFB391DEB9BDA000537AB /* MLViewController.mm */ = {isa = PBXFileReference; fileEncoding = 4; lastKnownFileType = sourcecode.cpp.objcpp; name = MLViewController.mm; path = ../MLViewController.mm; sourceTree = "<group>"; };
		00CD0B541DE49EFD0006D602 /* opencv2.framework */ = {isa = PBXFileReference; lastKnownFileType = wrapper.framework; name = opencv2.framework; path = ../../Documents/Developer/Resources/Frameworks/OpenCV/opencv2.framework; sourceTree = "<group>"; };
		281E472D1DC167B300AFB85D /* Object_Tracking.app */ = {isa = PBXFileReference; explicitFileType = wrapper.application; includeInIndex = 0; path = Object_Tracking.app; sourceTree = BUILT_PRODUCTS_DIR; };
		281E47311DC167B300AFB85D /* main.m */ = {isa = PBXFileReference; lastKnownFileType = sourcecode.c.objc; path = main.m; sourceTree = "<group>"; };
		281E47331DC167B300AFB85D /* AppDelegate.h */ = {isa = PBXFileReference; lastKnownFileType = sourcecode.c.h; path = AppDelegate.h; sourceTree = "<group>"; };
		281E47341DC167B300AFB85D /* AppDelegate.m */ = {isa = PBXFileReference; lastKnownFileType = sourcecode.c.objc; path = AppDelegate.m; sourceTree = "<group>"; };
		281E473A1DC167B300AFB85D /* Base */ = {isa = PBXFileReference; lastKnownFileType = file.storyboard; name = Base; path = Base.lproj/Main.storyboard; sourceTree = "<group>"; };
		281E473C1DC167B300AFB85D /* Assets.xcassets */ = {isa = PBXFileReference; lastKnownFileType = folder.assetcatalog; path = Assets.xcassets; sourceTree = "<group>"; };
		281E47411DC167B300AFB85D /* Info.plist */ = {isa = PBXFileReference; lastKnownFileType = text.plist.xml; path = Info.plist; sourceTree = "<group>"; };
		281E47861DC16BEE00AFB85D /* AVFoundation.framework */ = {isa = PBXFileReference; lastKnownFileType = wrapper.framework; name = AVFoundation.framework; path = System/Library/Frameworks/AVFoundation.framework; sourceTree = SDKROOT; };
		282001FE1DC691120013A603 /* GeometryUtil.h */ = {isa = PBXFileReference; fileEncoding = 4; lastKnownFileType = sourcecode.c.h; path = GeometryUtil.h; sourceTree = "<group>"; };
		282001FF1DC691120013A603 /* GeometryUtil.mm */ = {isa = PBXFileReference; fileEncoding = 4; lastKnownFileType = sourcecode.cpp.objcpp; path = GeometryUtil.mm; sourceTree = "<group>"; };
		282002001DC691120013A603 /* MLManager.h */ = {isa = PBXFileReference; fileEncoding = 4; lastKnownFileType = sourcecode.c.h; path = MLManager.h; sourceTree = "<group>"; };
		282002011DC691120013A603 /* MLManager.mm */ = {isa = PBXFileReference; fileEncoding = 4; lastKnownFileType = sourcecode.cpp.objcpp; path = MLManager.mm; sourceTree = "<group>"; };
		282002021DC691120013A603 /* MSERFeature.h */ = {isa = PBXFileReference; fileEncoding = 4; lastKnownFileType = sourcecode.c.h; path = MSERFeature.h; sourceTree = "<group>"; };
		282002031DC691120013A603 /* MSERFeature.mm */ = {isa = PBXFileReference; fileEncoding = 4; lastKnownFileType = sourcecode.cpp.objcpp; path = MSERFeature.mm; sourceTree = "<group>"; };
		282002041DC691120013A603 /* MSERManager.h */ = {isa = PBXFileReference; fileEncoding = 4; lastKnownFileType = sourcecode.c.h; path = MSERManager.h; sourceTree = "<group>"; };
		282002051DC691120013A603 /* MSERManager.mm */ = {isa = PBXFileReference; fileEncoding = 4; lastKnownFileType = sourcecode.cpp.objcpp; path = MSERManager.mm; sourceTree = "<group>"; };
		2820020B1DC691180013A603 /* FPS.h */ = {isa = PBXFileReference; fileEncoding = 4; lastKnownFileType = sourcecode.c.h; path = FPS.h; sourceTree = "<group>"; };
		2820020C1DC691180013A603 /* FPS.mm */ = {isa = PBXFileReference; fileEncoding = 4; lastKnownFileType = sourcecode.cpp.objcpp; path = FPS.mm; sourceTree = "<group>"; };
		2820020D1DC691180013A603 /* ImageUtils.h */ = {isa = PBXFileReference; fileEncoding = 4; lastKnownFileType = sourcecode.c.h; path = ImageUtils.h; sourceTree = "<group>"; };
		2820020E1DC691180013A603 /* ImageUtils.mm */ = {isa = PBXFileReference; fileEncoding = 4; lastKnownFileType = sourcecode.cpp.objcpp; path = ImageUtils.mm; sourceTree = "<group>"; };
		282002111DC691220013A603 /* CameraViewController.h */ = {isa = PBXFileReference; fileEncoding = 4; lastKnownFileType = sourcecode.c.h; path = CameraViewController.h; sourceTree = "<group>"; };
		282002121DC691220013A603 /* CameraViewController.mm */ = {isa = PBXFileReference; fileEncoding = 4; lastKnownFileType = sourcecode.cpp.objcpp; path = CameraViewController.mm; sourceTree = "<group>"; };
		284B957C1DDE648200E3D249 /* CoreGraphics.framework */ = {isa = PBXFileReference; lastKnownFileType = wrapper.framework; name = CoreGraphics.framework; path = System/Library/Frameworks/CoreGraphics.framework; sourceTree = SDKROOT; };
		284B957E1DDE648700E3D249 /* UIKit.framework */ = {isa = PBXFileReference; lastKnownFileType = wrapper.framework; name = UIKit.framework; path = System/Library/Frameworks/UIKit.framework; sourceTree = SDKROOT; };
		284B95801DDE66D600E3D249 /* AssetsLibrary.framework */ = {isa = PBXFileReference; lastKnownFileType = wrapper.framework; name = AssetsLibrary.framework; path = System/Library/Frameworks/AssetsLibrary.framework; sourceTree = SDKROOT; };
		284B95821DDE66DC00E3D249 /* CoreImage.framework */ = {isa = PBXFileReference; lastKnownFileType = wrapper.framework; name = CoreImage.framework; path = System/Library/Frameworks/CoreImage.framework; sourceTree = SDKROOT; };
		284B95841DDE66E100E3D249 /* CoreMedia.framework */ = {isa = PBXFileReference; lastKnownFileType = wrapper.framework; name = CoreMedia.framework; path = System/Library/Frameworks/CoreMedia.framework; sourceTree = SDKROOT; };
		284B95861DDE66E500E3D249 /* CoreVideo.framework */ = {isa = PBXFileReference; lastKnownFileType = wrapper.framework; name = CoreVideo.framework; path = System/Library/Frameworks/CoreVideo.framework; sourceTree = SDKROOT; };
		284B95881DDE66EA00E3D249 /* Foundation.framework */ = {isa = PBXFileReference; lastKnownFileType = wrapper.framework; name = Foundation.framework; path = System/Library/Frameworks/Foundation.framework; sourceTree = SDKROOT; };
		284B958A1DDE66F000E3D249 /* GLKit.framework */ = {isa = PBXFileReference; lastKnownFileType = wrapper.framework; name = GLKit.framework; path = System/Library/Frameworks/GLKit.framework; sourceTree = SDKROOT; };
		284B958C1DDE66F500E3D249 /* OpenGLES.framework */ = {isa = PBXFileReference; lastKnownFileType = wrapper.framework; name = OpenGLES.framework; path = System/Library/Frameworks/OpenGLES.framework; sourceTree = SDKROOT; };
		284B958E1DDE66FB00E3D249 /* QuartzCore.framework */ = {isa = PBXFileReference; lastKnownFileType = wrapper.framework; name = QuartzCore.framework; path = System/Library/Frameworks/QuartzCore.framework; sourceTree = SDKROOT; };
		28AA98531DD7E9FC00C8F990 /* Launch Screen.storyboard */ = {isa = PBXFileReference; fileEncoding = 4; lastKnownFileType = file.storyboard; name = "Launch Screen.storyboard"; path = "../Launch Screen.storyboard"; sourceTree = "<group>"; };
		28DCF3E11DDE9974000E673C /* libc++.tbd */ = {isa = PBXFileReference; lastKnownFileType = "sourcecode.text-based-dylib-definition"; name = "libc++.tbd"; path = "usr/lib/libc++.tbd"; sourceTree = SDKROOT; };
		28EE38EA1DF48F7F006398A8 /* Settings_000000_100.png */ = {isa = PBXFileReference; lastKnownFileType = image.png; path = Settings_000000_100.png; sourceTree = "<group>"; };
		28EE38EC1DF49001006398A8 /* Info_000000_100.png */ = {isa = PBXFileReference; lastKnownFileType = image.png; path = Info_000000_100.png; sourceTree = "<group>"; };
/* End PBXFileReference section */

/* Begin PBXFrameworksBuildPhase section */
		281E472A1DC167B300AFB85D /* Frameworks */ = {
			isa = PBXFrameworksBuildPhase;
			buildActionMask = 2147483647;
			files = (
				284B958F1DDE66FB00E3D249 /* QuartzCore.framework in Frameworks */,
				284B958D1DDE66F500E3D249 /* OpenGLES.framework in Frameworks */,
				284B958B1DDE66F000E3D249 /* GLKit.framework in Frameworks */,
				284B95891DDE66EA00E3D249 /* Foundation.framework in Frameworks */,
				284B95871DDE66E500E3D249 /* CoreVideo.framework in Frameworks */,
				284B95851DDE66E100E3D249 /* CoreMedia.framework in Frameworks */,
				00CD0B551DE49EFD0006D602 /* opencv2.framework in Frameworks */,
				284B95831DDE66DC00E3D249 /* CoreImage.framework in Frameworks */,
				284B95811DDE66D600E3D249 /* AssetsLibrary.framework in Frameworks */,
				284B957F1DDE648700E3D249 /* UIKit.framework in Frameworks */,
				284B957D1DDE648200E3D249 /* CoreGraphics.framework in Frameworks */,
				284B957B1DDE647E00E3D249 /* AVFoundation.framework in Frameworks */,
			);
			runOnlyForDeploymentPostprocessing = 0;
		};
/* End PBXFrameworksBuildPhase section */

/* Begin PBXGroup section */
		281E47241DC167B300AFB85D = {
			isa = PBXGroup;
			children = (
				00CD0B541DE49EFD0006D602 /* opencv2.framework */,
				281E472F1DC167B300AFB85D /* Object_Tracking */,
				281E472E1DC167B300AFB85D /* Products */,
				281E47851DC16BEE00AFB85D /* Frameworks */,
			);
			sourceTree = "<group>";
		};
		281E472E1DC167B300AFB85D /* Products */ = {
			isa = PBXGroup;
			children = (
				281E472D1DC167B300AFB85D /* Object_Tracking.app */,
			);
			name = Products;
			sourceTree = "<group>";
		};
		281E472F1DC167B300AFB85D /* Object_Tracking */ = {
			isa = PBXGroup;
			children = (
				28AA98531DD7E9FC00C8F990 /* Launch Screen.storyboard */,
				281E47391DC167B300AFB85D /* Main.storyboard */,
				2820020A1DC691180013A603 /* Utils */,
				282001FD1DC691120013A603 /* MSER Algorithms */,
				281E47631DC167CA00AFB85D /* ViewControllers */,
				281E47301DC167B300AFB85D /* Supporting Files */,
			);
			path = Object_Tracking;
			sourceTree = "<group>";
		};
		281E47301DC167B300AFB85D /* Supporting Files */ = {
			isa = PBXGroup;
			children = (
				281E47331DC167B300AFB85D /* AppDelegate.h */,
				28EE38EC1DF49001006398A8 /* Info_000000_100.png */,
				28EE38EA1DF48F7F006398A8 /* Settings_000000_100.png */,
				281E47341DC167B300AFB85D /* AppDelegate.m */,
				281E473C1DC167B300AFB85D /* Assets.xcassets */,
				281E47411DC167B300AFB85D /* Info.plist */,
				281E47311DC167B300AFB85D /* main.m */,
			);
			name = "Supporting Files";
			sourceTree = "<group>";
		};
		281E47631DC167CA00AFB85D /* ViewControllers */ = {
			isa = PBXGroup;
			children = (
				004EFB381DEB9BD9000537AB /* MLViewController.h */,
				004EFB391DEB9BDA000537AB /* MLViewController.mm */,
				282002111DC691220013A603 /* CameraViewController.h */,
				282002121DC691220013A603 /* CameraViewController.mm */,
				004EFB321DEB9B26000537AB /* PRFViewController.h */,
				004EFB331DEB9B26000537AB /* PRFViewController.m */,
			);
			name = ViewControllers;
			sourceTree = "<group>";
		};
		281E47851DC16BEE00AFB85D /* Frameworks */ = {
			isa = PBXGroup;
			children = (
				28DCF3E11DDE9974000E673C /* libc++.tbd */,
				284B958E1DDE66FB00E3D249 /* QuartzCore.framework */,
				284B958C1DDE66F500E3D249 /* OpenGLES.framework */,
				284B958A1DDE66F000E3D249 /* GLKit.framework */,
				284B95881DDE66EA00E3D249 /* Foundation.framework */,
				284B95861DDE66E500E3D249 /* CoreVideo.framework */,
				284B95841DDE66E100E3D249 /* CoreMedia.framework */,
				284B95821DDE66DC00E3D249 /* CoreImage.framework */,
				284B95801DDE66D600E3D249 /* AssetsLibrary.framework */,
				284B957E1DDE648700E3D249 /* UIKit.framework */,
				284B957C1DDE648200E3D249 /* CoreGraphics.framework */,
				281E47861DC16BEE00AFB85D /* AVFoundation.framework */,
			);
			name = Frameworks;
			sourceTree = "<group>";
		};
		282001FD1DC691120013A603 /* MSER Algorithms */ = {
			isa = PBXGroup;
			children = (
				282001FE1DC691120013A603 /* GeometryUtil.h */,
				282001FF1DC691120013A603 /* GeometryUtil.mm */,
				282002001DC691120013A603 /* MLManager.h */,
				282002011DC691120013A603 /* MLManager.mm */,
				282002021DC691120013A603 /* MSERFeature.h */,
				282002031DC691120013A603 /* MSERFeature.mm */,
				282002041DC691120013A603 /* MSERManager.h */,
				282002051DC691120013A603 /* MSERManager.mm */,
			);
			name = "MSER Algorithms";
			path = Algorithms;
			sourceTree = "<group>";
		};
		2820020A1DC691180013A603 /* Utils */ = {
			isa = PBXGroup;
			children = (
				00480B4F1DE106AE00EC4170 /* object_tracking.pch */,
				2820020B1DC691180013A603 /* FPS.h */,
				2820020C1DC691180013A603 /* FPS.mm */,
				2820020D1DC691180013A603 /* ImageUtils.h */,
				2820020E1DC691180013A603 /* ImageUtils.mm */,
			);
			path = Utils;
			sourceTree = "<group>";
		};
/* End PBXGroup section */

/* Begin PBXNativeTarget section */
		281E472C1DC167B300AFB85D /* Object_Tracking */ = {
			isa = PBXNativeTarget;
			buildConfigurationList = 281E475A1DC167B300AFB85D /* Build configuration list for PBXNativeTarget "Object_Tracking" */;
			buildPhases = (
				281E47291DC167B300AFB85D /* Sources */,
				281E472A1DC167B300AFB85D /* Frameworks */,
				281E472B1DC167B300AFB85D /* Resources */,
			);
			buildRules = (
			);
			dependencies = (
			);
			name = Object_Tracking;
			productName = Object_Tracking;
			productReference = 281E472D1DC167B300AFB85D /* Object_Tracking.app */;
			productType = "com.apple.product-type.application";
		};
/* End PBXNativeTarget section */

/* Begin PBXProject section */
		281E47251DC167B300AFB85D /* Project object */ = {
			isa = PBXProject;
			attributes = {
				LastUpgradeCheck = 0810;
				ORGANIZATIONNAME = "Yongyang Nie";
				TargetAttributes = {
					281E472C1DC167B300AFB85D = {
						CreatedOnToolsVersion = 8.1;
						DevelopmentTeam = 8NZ8K5GNH8;
						ProvisioningStyle = Automatic;
					};
				};
			};
			buildConfigurationList = 281E47281DC167B300AFB85D /* Build configuration list for PBXProject "Object_Tracking" */;
			compatibilityVersion = "Xcode 3.2";
			developmentRegion = English;
			hasScannedForEncodings = 0;
			knownRegions = (
				en,
				Base,
			);
			mainGroup = 281E47241DC167B300AFB85D;
			productRefGroup = 281E472E1DC167B300AFB85D /* Products */;
			projectDirPath = "";
			projectRoot = "";
			targets = (
				281E472C1DC167B300AFB85D /* Object_Tracking */,
			);
		};
/* End PBXProject section */

/* Begin PBXResourcesBuildPhase section */
		281E472B1DC167B300AFB85D /* Resources */ = {
			isa = PBXResourcesBuildPhase;
			buildActionMask = 2147483647;
			files = (
				28EE38ED1DF49001006398A8 /* Info_000000_100.png in Resources */,
				281E473D1DC167B300AFB85D /* Assets.xcassets in Resources */,
				28AA98541DD7E9FC00C8F990 /* Launch Screen.storyboard in Resources */,
				28EE38EB1DF48F7F006398A8 /* Settings_000000_100.png in Resources */,
				281E473B1DC167B300AFB85D /* Main.storyboard in Resources */,
			);
			runOnlyForDeploymentPostprocessing = 0;
		};
/* End PBXResourcesBuildPhase section */

/* Begin PBXSourcesBuildPhase section */
		281E47291DC167B300AFB85D /* Sources */ = {
			isa = PBXSourcesBuildPhase;
			buildActionMask = 2147483647;
			files = (
				282002081DC691120013A603 /* MSERFeature.mm in Sources */,
				004EFB3A1DEB9BDA000537AB /* MLViewController.mm in Sources */,
				282002091DC691120013A603 /* MSERManager.mm in Sources */,
				2820020F1DC691180013A603 /* FPS.mm in Sources */,
				281E47351DC167B300AFB85D /* AppDelegate.m in Sources */,
				282002101DC691180013A603 /* ImageUtils.mm in Sources */,
				004EFB341DEB9B26000537AB /* PRFViewController.m in Sources */,
				282002071DC691120013A603 /* MLManager.mm in Sources */,
				282002061DC691120013A603 /* GeometryUtil.mm in Sources */,
				281E47321DC167B300AFB85D /* main.m in Sources */,
				282002131DC691220013A603 /* CameraViewController.mm in Sources */,
			);
			runOnlyForDeploymentPostprocessing = 0;
		};
/* End PBXSourcesBuildPhase section */

/* Begin PBXVariantGroup section */
		281E47391DC167B300AFB85D /* Main.storyboard */ = {
			isa = PBXVariantGroup;
			children = (
				281E473A1DC167B300AFB85D /* Base */,
			);
			name = Main.storyboard;
			sourceTree = "<group>";
		};
/* End PBXVariantGroup section */

/* Begin XCBuildConfiguration section */
		281E47581DC167B300AFB85D /* Debug */ = {
			isa = XCBuildConfiguration;
			buildSettings = {
				ALWAYS_SEARCH_USER_PATHS = YES;
				CLANG_ANALYZER_NONNULL = YES;
				CLANG_CXX_LANGUAGE_STANDARD = "gnu++0x";
				CLANG_CXX_LIBRARY = "libc++";
				CLANG_ENABLE_MODULES = YES;
				CLANG_ENABLE_OBJC_ARC = YES;
				CLANG_WARN_BOOL_CONVERSION = YES;
				CLANG_WARN_CONSTANT_CONVERSION = YES;
				CLANG_WARN_DIRECT_OBJC_ISA_USAGE = YES_ERROR;
				CLANG_WARN_DOCUMENTATION_COMMENTS = YES;
				CLANG_WARN_EMPTY_BODY = YES;
				CLANG_WARN_ENUM_CONVERSION = YES;
				CLANG_WARN_INFINITE_RECURSION = YES;
				CLANG_WARN_INT_CONVERSION = YES;
				CLANG_WARN_OBJC_ROOT_CLASS = YES_ERROR;
				CLANG_WARN_SUSPICIOUS_MOVE = YES;
				CLANG_WARN_SUSPICIOUS_MOVES = YES;
				CLANG_WARN_UNREACHABLE_CODE = YES;
				CLANG_WARN__DUPLICATE_METHOD_MATCH = YES;
				"CODE_SIGN_IDENTITY[sdk=iphoneos*]" = "iPhone Developer";
				COPY_PHASE_STRIP = NO;
				DEBUG_INFORMATION_FORMAT = dwarf;
				ENABLE_STRICT_OBJC_MSGSEND = YES;
				ENABLE_TESTABILITY = YES;
				GCC_C_LANGUAGE_STANDARD = gnu99;
				GCC_DYNAMIC_NO_PIC = NO;
				GCC_NO_COMMON_BLOCKS = YES;
				GCC_OPTIMIZATION_LEVEL = 0;
				GCC_PREPROCESSOR_DEFINITIONS = (
					"DEBUG=1",
					"$(inherited)",
				);
				GCC_WARN_64_TO_32_BIT_CONVERSION = YES;
				GCC_WARN_ABOUT_RETURN_TYPE = YES_ERROR;
				GCC_WARN_UNDECLARED_SELECTOR = YES;
				GCC_WARN_UNINITIALIZED_AUTOS = YES_AGGRESSIVE;
				GCC_WARN_UNUSED_FUNCTION = YES;
				GCC_WARN_UNUSED_VARIABLE = YES;
				IPHONEOS_DEPLOYMENT_TARGET = 10.1;
				MTL_ENABLE_DEBUG_INFO = YES;
				ONLY_ACTIVE_ARCH = YES;
				SDKROOT = iphoneos;
				TARGETED_DEVICE_FAMILY = "1,2";
			};
			name = Debug;
		};
		281E47591DC167B300AFB85D /* Release */ = {
			isa = XCBuildConfiguration;
			buildSettings = {
				ALWAYS_SEARCH_USER_PATHS = YES;
				CLANG_ANALYZER_NONNULL = YES;
				CLANG_CXX_LANGUAGE_STANDARD = "gnu++0x";
				CLANG_CXX_LIBRARY = "libc++";
				CLANG_ENABLE_MODULES = YES;
				CLANG_ENABLE_OBJC_ARC = YES;
				CLANG_WARN_BOOL_CONVERSION = YES;
				CLANG_WARN_CONSTANT_CONVERSION = YES;
				CLANG_WARN_DIRECT_OBJC_ISA_USAGE = YES_ERROR;
				CLANG_WARN_DOCUMENTATION_COMMENTS = YES;
				CLANG_WARN_EMPTY_BODY = YES;
				CLANG_WARN_ENUM_CONVERSION = YES;
				CLANG_WARN_INFINITE_RECURSION = YES;
				CLANG_WARN_INT_CONVERSION = YES;
				CLANG_WARN_OBJC_ROOT_CLASS = YES_ERROR;
				CLANG_WARN_SUSPICIOUS_MOVE = YES;
				CLANG_WARN_SUSPICIOUS_MOVES = YES;
				CLANG_WARN_UNREACHABLE_CODE = YES;
				CLANG_WARN__DUPLICATE_METHOD_MATCH = YES;
				"CODE_SIGN_IDENTITY[sdk=iphoneos*]" = "iPhone Developer";
				COPY_PHASE_STRIP = NO;
				DEBUG_INFORMATION_FORMAT = "dwarf-with-dsym";
				ENABLE_NS_ASSERTIONS = NO;
				ENABLE_STRICT_OBJC_MSGSEND = YES;
				GCC_C_LANGUAGE_STANDARD = gnu99;
				GCC_NO_COMMON_BLOCKS = YES;
				GCC_WARN_64_TO_32_BIT_CONVERSION = YES;
				GCC_WARN_ABOUT_RETURN_TYPE = YES_ERROR;
				GCC_WARN_UNDECLARED_SELECTOR = YES;
				GCC_WARN_UNINITIALIZED_AUTOS = YES_AGGRESSIVE;
				GCC_WARN_UNUSED_FUNCTION = YES;
				GCC_WARN_UNUSED_VARIABLE = YES;
				IPHONEOS_DEPLOYMENT_TARGET = 10.1;
				MTL_ENABLE_DEBUG_INFO = NO;
				SDKROOT = iphoneos;
				TARGETED_DEVICE_FAMILY = "1,2";
				VALIDATE_PRODUCT = YES;
			};
			name = Release;
		};
		281E475B1DC167B300AFB85D /* Debug */ = {
			isa = XCBuildConfiguration;
			buildSettings = {
				ALWAYS_SEARCH_USER_PATHS = YES;
				DEVELOPMENT_TEAM = 8NZ8K5GNH8;
				ENABLE_BITCODE = NO;
				FRAMEWORK_SEARCH_PATHS = (
					"$(inherited)",
					"$(PROJECT_DIR)",
					"\"$(SRCROOT)/../../Documents/Developer/Resources/Frameworks/OpenCV\"",
				);
				GCC_C_LANGUAGE_STANDARD = "compiler-default";
				GCC_NO_COMMON_BLOCKS = NO;
				GCC_PRECOMPILE_PREFIX_HEADER = YES;
				GCC_PREFIX_HEADER = /Users/Neil/Desktop/Object_Tracking/Object_Tracking/Utils/object_tracking.pch;
				INCLUDED_RECURSIVE_SEARCH_PATH_SUBDIRECTORIES = "\"$(SRCROOT)/../../Documents/Developer/Resources/Frameworks/OpenCV\"";
				INFOPLIST_FILE = Object_Tracking/Info.plist;
				IPHONEOS_DEPLOYMENT_TARGET = 8.0;
				LD_RUNPATH_SEARCH_PATHS = "$(inherited) @executable_path/Frameworks";
				PRODUCT_BUNDLE_IDENTIFIER = "com.yongyang.Object-Tracking";
				PRODUCT_NAME = "$(TARGET_NAME)";
				USER_HEADER_SEARCH_PATHS = "";
			};
			name = Debug;
		};
		281E475C1DC167B300AFB85D /* Release */ = {
			isa = XCBuildConfiguration;
			buildSettings = {
				ALWAYS_SEARCH_USER_PATHS = YES;
				DEVELOPMENT_TEAM = 8NZ8K5GNH8;
				ENABLE_BITCODE = NO;
				FRAMEWORK_SEARCH_PATHS = (
					"$(inherited)",
					"$(PROJECT_DIR)",
					"\"$(SRCROOT)/../../Documents/Developer/Resources/Frameworks/OpenCV\"",
				);
				GCC_C_LANGUAGE_STANDARD = "compiler-default";
				GCC_NO_COMMON_BLOCKS = NO;
				GCC_PRECOMPILE_PREFIX_HEADER = YES;
				GCC_PREFIX_HEADER = /Users/Neil/Desktop/Object_Tracking/Object_Tracking/Utils/object_tracking.pch;
				INCLUDED_RECURSIVE_SEARCH_PATH_SUBDIRECTORIES = "\"$(SRCROOT)/../../Documents/Developer/Resources/Frameworks/OpenCV\"";
				INFOPLIST_FILE = Object_Tracking/Info.plist;
				IPHONEOS_DEPLOYMENT_TARGET = 8.0;
				LD_RUNPATH_SEARCH_PATHS = "$(inherited) @executable_path/Frameworks";
				PRODUCT_BUNDLE_IDENTIFIER = "com.yongyang.Object-Tracking";
				PRODUCT_NAME = "$(TARGET_NAME)";
				USER_HEADER_SEARCH_PATHS = "";
			};
			name = Release;
		};
/* End XCBuildConfiguration section */

/* Begin XCConfigurationList section */
		281E47281DC167B300AFB85D /* Build configuration list for PBXProject "Object_Tracking" */ = {
			isa = XCConfigurationList;
			buildConfigurations = (
				281E47581DC167B300AFB85D /* Debug */,
				281E47591DC167B300AFB85D /* Release */,
			);
			defaultConfigurationIsVisible = 0;
			defaultConfigurationName = Release;
		};
		281E475A1DC167B300AFB85D /* Build configuration list for PBXNativeTarget "Object_Tracking" */ = {
			isa = XCConfigurationList;
			buildConfigurations = (
				281E475B1DC167B300AFB85D /* Debug */,
				281E475C1DC167B300AFB85D /* Release */,
			);
			defaultConfigurationIsVisible = 0;
			defaultConfigurationName = Release;
		};
/* End XCConfigurationList section */
	};
	rootObject = 281E47251DC167B300AFB85D /* Project object */;
}
